
Microsoft Visual Studio Solution File, Format Version 12.00
# Visual Studio Version 16
VisualStudioVersion = 16.0.29709.97
MinimumVisualStudioVersion = 10.0.40219.1
Project("{FAE04EC0-301F-11D3-BF4B-00C04F79EFBC}") = "DatingApp", "DatingApp.csproj", "{8A722D06-5A9B-48F5-BCF3-FFC6E160A241}"
EndProject
Global
	GlobalSection(SolutionConfigurationPlatforms) = preSolution
		Debug|Any CPU = Debug|Any CPU
		Release|Any CPU = Release|Any CPU
	EndGlobalSection
	GlobalSection(ProjectConfigurationPlatforms) = postSolution
		{8A722D06-5A9B-48F5-BCF3-FFC6E160A241}.Debug|Any CPU.ActiveCfg = Debug|Any CPU
		{8A722D06-5A9B-48F5-BCF3-FFC6E160A241}.Debug|Any CPU.Build.0 = Debug|Any CPU
		{8A722D06-5A9B-48F5-BCF3-FFC6E160A241}.Release|Any CPU.ActiveCfg = Release|Any CPU
		{8A722D06-5A9B-48F5-BCF3-FFC6E160A241}.Release|Any CPU.Build.0 = Release|Any CPU
	EndGlobalSection
	GlobalSection(SolutionProperties) = preSolution
		HideSolutionNode = FALSE
	EndGlobalSection
	GlobalSection(ExtensibilityGlobals) = postSolution
		SolutionGuid = {D185D8E7-2D9C-4688-A5F9-1094B37C44AA}
	EndGlobalSection
EndGlobal
